// !$*UTF8*$!
{
	archiveVersion = 1;
	classes = {
	};
	objectVersion = 46;
	objects = {

/* Begin PBXBuildFile section */
		12602C3F1BB39BF300DE9EDF /* AppDelegate.swift in Sources */ = {isa = PBXBuildFile; fileRef = 12602C3E1BB39BF300DE9EDF /* AppDelegate.swift */; };
		12602C411BB39BF300DE9EDF /* ViewController.swift in Sources */ = {isa = PBXBuildFile; fileRef = 12602C401BB39BF300DE9EDF /* ViewController.swift */; };
		12602C441BB39BF300DE9EDF /* Main.storyboard in Resources */ = {isa = PBXBuildFile; fileRef = 12602C421BB39BF300DE9EDF /* Main.storyboard */; };
		12602C461BB39BF300DE9EDF /* Assets.xcassets in Resources */ = {isa = PBXBuildFile; fileRef = 12602C451BB39BF300DE9EDF /* Assets.xcassets */; };
		12602C491BB39BF300DE9EDF /* LaunchScreen.storyboard in Resources */ = {isa = PBXBuildFile; fileRef = 12602C471BB39BF300DE9EDF /* LaunchScreen.storyboard */; };
		12602C541BB39BF300DE9EDF /* CarouselTests.swift in Sources */ = {isa = PBXBuildFile; fileRef = 12602C531BB39BF300DE9EDF /* CarouselTests.swift */; };
		12602C5F1BB39BF300DE9EDF /* CarouselUITests.swift in Sources */ = {isa = PBXBuildFile; fileRef = 12602C5E1BB39BF300DE9EDF /* CarouselUITests.swift */; };
/* End PBXBuildFile section */

/* Begin PBXContainerItemProxy section */
		12602C501BB39BF300DE9EDF /* PBXContainerItemProxy */ = {
			isa = PBXContainerItemProxy;
			containerPortal = 12602C331BB39BF300DE9EDF /* Project object */;
			proxyType = 1;
			remoteGlobalIDString = 12602C3A1BB39BF300DE9EDF;
			remoteInfo = Carousel;
		};
		12602C5B1BB39BF300DE9EDF /* PBXContainerItemProxy */ = {
			isa = PBXContainerItemProxy;
			containerPortal = 12602C331BB39BF300DE9EDF /* Project object */;
			proxyType = 1;
			remoteGlobalIDString = 12602C3A1BB39BF300DE9EDF;
			remoteInfo = Carousel;
		};
/* End PBXContainerItemProxy section */

/* Begin PBXFileReference section */
		12602C3B1BB39BF300DE9EDF /* Carousel.app */ = {isa = PBXFileReference; explicitFileType = wrapper.application; includeInIndex = 0; path = Carousel.app; sourceTree = BUILT_PRODUCTS_DIR; };
		12602C3E1BB39BF300DE9EDF /* AppDelegate.swift */ = {isa = PBXFileReference; lastKnownFileType = sourcecode.swift; path = AppDelegate.swift; sourceTree = "<group>"; };
		12602C401BB39BF300DE9EDF /* ViewController.swift */ = {isa = PBXFileReference; lastKnownFileType = sourcecode.swift; path = ViewController.swift; sourceTree = "<group>"; };
		12602C431BB39BF300DE9EDF /* Base */ = {isa = PBXFileReference; lastKnownFileType = file.storyboard; name = Base; path = Base.lproj/Main.storyboard; sourceTree = "<group>"; };
		12602C451BB39BF300DE9EDF /* Assets.xcassets */ = {isa = PBXFileReference; lastKnownFileType = folder.assetcatalog; path = Assets.xcassets; sourceTree = "<group>"; };
		12602C481BB39BF300DE9EDF /* Base */ = {isa = PBXFileReference; lastKnownFileType = file.storyboard; name = Base; path = Base.lproj/LaunchScreen.storyboard; sourceTree = "<group>"; };
		12602C4A1BB39BF300DE9EDF /* Info.plist */ = {isa = PBXFileReference; lastKnownFileType = text.plist.xml; path = Info.plist; sourceTree = "<group>"; };
		12602C4F1BB39BF300DE9EDF /* CarouselTests.xctest */ = {isa = PBXFileReference; explicitFileType = wrapper.cfbundle; includeInIndex = 0; path = CarouselTests.xctest; sourceTree = BUILT_PRODUCTS_DIR; };
		12602C531BB39BF300DE9EDF /* CarouselTests.swift */ = {isa = PBXFileReference; lastKnownFileType = sourcecode.swift; path = CarouselTests.swift; sourceTree = "<group>"; };
		12602C551BB39BF300DE9EDF /* Info.plist */ = {isa = PBXFileReference; lastKnownFileType = text.plist.xml; path = Info.plist; sourceTree = "<group>"; };
		12602C5A1BB39BF300DE9EDF /* CarouselUITests.xctest */ = {isa = PBXFileReference; explicitFileType = wrapper.cfbundle; includeInIndex = 0; path = CarouselUITests.xctest; sourceTree = BUILT_PRODUCTS_DIR; };
		12602C5E1BB39BF300DE9EDF /* CarouselUITests.swift */ = {isa = PBXFileReference; lastKnownFileType = sourcecode.swift; path = CarouselUITests.swift; sourceTree = "<group>"; };
		12602C601BB39BF300DE9EDF /* Info.plist */ = {isa = PBXFileReference; lastKnownFileType = text.plist.xml; path = Info.plist; sourceTree = "<group>"; };
/* End PBXFileReference section */

/* Begin PBXFrameworksBuildPhase section */
		12602C381BB39BF300DE9EDF /* Frameworks */ = {
			isa = PBXFrameworksBuildPhase;
			buildActionMask = 2147483647;
			files = (
			);
			runOnlyForDeploymentPostprocessing = 0;
		};
		12602C4C1BB39BF300DE9EDF /* Frameworks */ = {
			isa = PBXFrameworksBuildPhase;
			buildActionMask = 2147483647;
			files = (
			);
			runOnlyForDeploymentPostprocessing = 0;
		};
		12602C571BB39BF300DE9EDF /* Frameworks */ = {
			isa = PBXFrameworksBuildPhase;
			buildActionMask = 2147483647;
			files = (
			);
			runOnlyForDeploymentPostprocessing = 0;
		};
/* End PBXFrameworksBuildPhase section */

/* Begin PBXGroup section */
		12602C321BB39BF300DE9EDF = {
			isa = PBXGroup;
			children = (
				12602C3D1BB39BF300DE9EDF /* Carousel */,
				12602C521BB39BF300DE9EDF /* CarouselTests */,
				12602C5D1BB39BF300DE9EDF /* CarouselUITests */,
				12602C3C1BB39BF300DE9EDF /* Products */,
			);
			sourceTree = "<group>";
		};
		12602C3C1BB39BF300DE9EDF /* Products */ = {
			isa = PBXGroup;
			children = (
				12602C3B1BB39BF300DE9EDF /* Carousel.app */,
				12602C4F1BB39BF300DE9EDF /* CarouselTests.xctest */,
				12602C5A1BB39BF300DE9EDF /* CarouselUITests.xctest */,
			);
			name = Products;
			sourceTree = "<group>";
		};
		12602C3D1BB39BF300DE9EDF /* Carousel */ = {
			isa = PBXGroup;
			children = (
				12602C3E1BB39BF300DE9EDF /* AppDelegate.swift */,
				12602C401BB39BF300DE9EDF /* ViewController.swift */,
				12602C421BB39BF300DE9EDF /* Main.storyboard */,
				12602C451BB39BF300DE9EDF /* Assets.xcassets */,
				12602C471BB39BF300DE9EDF /* LaunchScreen.storyboard */,
				12602C4A1BB39BF300DE9EDF /* Info.plist */,
			);
			path = Carousel;
			sourceTree = "<group>";
		};
		12602C521BB39BF300DE9EDF /* CarouselTests */ = {
			isa = PBXGroup;
			children = (
				12602C531BB39BF300DE9EDF /* CarouselTests.swift */,
				12602C551BB39BF300DE9EDF /* Info.plist */,
			);
			path = CarouselTests;
			sourceTree = "<group>";
		};
		12602C5D1BB39BF300DE9EDF /* CarouselUITests */ = {
			isa = PBXGroup;
			children = (
				12602C5E1BB39BF300DE9EDF /* CarouselUITests.swift */,
				12602C601BB39BF300DE9EDF /* Info.plist */,
			);
			path = CarouselUITests;
			sourceTree = "<group>";
		};
/* End PBXGroup section */

/* Begin PBXNativeTarget section */
		12602C3A1BB39BF300DE9EDF /* Carousel */ = {
			isa = PBXNativeTarget;
			buildConfigurationList = 12602C631BB39BF300DE9EDF /* Build configuration list for PBXNativeTarget "Carousel" */;
			buildPhases = (
				12602C371BB39BF300DE9EDF /* Sources */,
				12602C381BB39BF300DE9EDF /* Frameworks */,
				12602C391BB39BF300DE9EDF /* Resources */,
			);
			buildRules = (
			);
			dependencies = (
			);
			name = Carousel;
			productName = Carousel;
			productReference = 12602C3B1BB39BF300DE9EDF /* Carousel.app */;
			productType = "com.apple.product-type.application";
		};
		12602C4E1BB39BF300DE9EDF /* CarouselTests */ = {
			isa = PBXNativeTarget;
			buildConfigurationList = 12602C661BB39BF300DE9EDF /* Build configuration list for PBXNativeTarget "CarouselTests" */;
			buildPhases = (
				12602C4B1BB39BF300DE9EDF /* Sources */,
				12602C4C1BB39BF300DE9EDF /* Frameworks */,
				12602C4D1BB39BF300DE9EDF /* Resources */,
			);
			buildRules = (
			);
			dependencies = (
				12602C511BB39BF300DE9EDF /* PBXTargetDependency */,
			);
			name = CarouselTests;
			productName = CarouselTests;
			productReference = 12602C4F1BB39BF300DE9EDF /* CarouselTests.xctest */;
			productType = "com.apple.product-type.bundle.unit-test";
		};
		12602C591BB39BF300DE9EDF /* CarouselUITests */ = {
			isa = PBXNativeTarget;
			buildConfigurationList = 12602C691BB39BF300DE9EDF /* Build configuration list for PBXNativeTarget "CarouselUITests" */;
			buildPhases = (
				12602C561BB39BF300DE9EDF /* Sources */,
				12602C571BB39BF300DE9EDF /* Frameworks */,
				12602C581BB39BF300DE9EDF /* Resources */,
			);
			buildRules = (
			);
			dependencies = (
				12602C5C1BB39BF300DE9EDF /* PBXTargetDependency */,
			);
			name = CarouselUITests;
			productName = CarouselUITests;
			productReference = 12602C5A1BB39BF300DE9EDF /* CarouselUITests.xctest */;
			productType = "com.apple.product-type.bundle.ui-testing";
		};
/* End PBXNativeTarget section */

/* Begin PBXProject section */
		12602C331BB39BF300DE9EDF /* Project object */ = {
			isa = PBXProject;
			attributes = {
				LastUpgradeCheck = 0700;
				ORGANIZATIONNAME = "Cameron Wu";
				TargetAttributes = {
					12602C3A1BB39BF300DE9EDF = {
						CreatedOnToolsVersion = 7.0;
					};
					12602C4E1BB39BF300DE9EDF = {
						CreatedOnToolsVersion = 7.0;
						TestTargetID = 12602C3A1BB39BF300DE9EDF;
					};
					12602C591BB39BF300DE9EDF = {
						CreatedOnToolsVersion = 7.0;
						TestTargetID = 12602C3A1BB39BF300DE9EDF;
					};
				};
			};
			buildConfigurationList = 12602C361BB39BF300DE9EDF /* Build configuration list for PBXProject "Carousel" */;
			compatibilityVersion = "Xcode 3.2";
			developmentRegion = English;
			hasScannedForEncodings = 0;
			knownRegions = (
				en,
				Base,
			);
			mainGroup = 12602C321BB39BF300DE9EDF;
			productRefGroup = 12602C3C1BB39BF300DE9EDF /* Products */;
			projectDirPath = "";
			projectRoot = "";
			targets = (
				12602C3A1BB39BF300DE9EDF /* Carousel */,
				12602C4E1BB39BF300DE9EDF /* CarouselTests */,
				12602C591BB39BF300DE9EDF /* CarouselUITests */,
			);
		};
/* End PBXProject section */

/* Begin PBXResourcesBuildPhase section */
		12602C391BB39BF300DE9EDF /* Resources */ = {
			isa = PBXResourcesBuildPhase;
			buildActionMask = 2147483647;
			files = (
				12602C491BB39BF300DE9EDF /* LaunchScreen.storyboard in Resources */,
				12602C461BB39BF300DE9EDF /* Assets.xcassets in Resources */,
				12602C441BB39BF300DE9EDF /* Main.storyboard in Resources */,
			);
			runOnlyForDeploymentPostprocessing = 0;
		};
		12602C4D1BB39BF300DE9EDF /* Resources */ = {
			isa = PBXResourcesBuildPhase;
			buildActionMask = 2147483647;
			files = (
			);
			runOnlyForDeploymentPostprocessing = 0;
		};
		12602C581BB39BF300DE9EDF /* Resources */ = {
			isa = PBXResourcesBuildPhase;
			buildActionMask = 2147483647;
			files = (
			);
			runOnlyForDeploymentPostprocessing = 0;
		};
/* End PBXResourcesBuildPhase section */

/* Begin PBXSourcesBuildPhase section */
		12602C371BB39BF300DE9EDF /* Sources */ = {
			isa = PBXSourcesBuildPhase;
			buildActionMask = 2147483647;
			files = (
				12602C411BB39BF300DE9EDF /* ViewController.swift in Sources */,
				12602C3F1BB39BF300DE9EDF /* AppDelegate.swift in Sources */,
			);
			runOnlyForDeploymentPostprocessing = 0;
		};
		12602C4B1BB39BF300DE9EDF /* Sources */ = {
			isa = PBXSourcesBuildPhase;
			buildActionMask = 2147483647;
			files = (
				12602C541BB39BF300DE9EDF /* CarouselTests.swift in Sources */,
			);
			runOnlyForDeploymentPostprocessing = 0;
		};
		12602C561BB39BF300DE9EDF /* Sources */ = {
			isa = PBXSourcesBuildPhase;
			buildActionMask = 2147483647;
			files = (
				12602C5F1BB39BF300DE9EDF /* CarouselUITests.swift in Sources */,
			);
			runOnlyForDeploymentPostprocessing = 0;
		};
/* End PBXSourcesBuildPhase section */

/* Begin PBXTargetDependency section */
		12602C511BB39BF300DE9EDF /* PBXTargetDependency */ = {
			isa = PBXTargetDependency;
			target = 12602C3A1BB39BF300DE9EDF /* Carousel */;
			targetProxy = 12602C501BB39BF300DE9EDF /* PBXContainerItemProxy */;
		};
		12602C5C1BB39BF300DE9EDF /* PBXTargetDependency */ = {
			isa = PBXTargetDependency;
			target = 12602C3A1BB39BF300DE9EDF /* Carousel */;
			targetProxy = 12602C5B1BB39BF300DE9EDF /* PBXContainerItemProxy */;
		};
/* End PBXTargetDependency section */

/* Begin PBXVariantGroup section */
		12602C421BB39BF300DE9EDF /* Main.storyboard */ = {
			isa = PBXVariantGroup;
			children = (
				12602C431BB39BF300DE9EDF /* Base */,
			);
			name = Main.storyboard;
			sourceTree = "<group>";
		};
		12602C471BB39BF300DE9EDF /* LaunchScreen.storyboard */ = {
			isa = PBXVariantGroup;
			children = (
				12602C481BB39BF300DE9EDF /* Base */,
			);
			name = LaunchScreen.storyboard;
			sourceTree = "<group>";
		};
/* End PBXVariantGroup section */

/* Begin XCBuildConfiguration section */
		12602C611BB39BF300DE9EDF /* Debug */ = {
			isa = XCBuildConfiguration;
			buildSettings = {
				ALWAYS_SEARCH_USER_PATHS = NO;
				CLANG_CXX_LANGUAGE_STANDARD = "gnu++0x";
				CLANG_CXX_LIBRARY = "libc++";
				CLANG_ENABLE_MODULES = YES;
				CLANG_ENABLE_OBJC_ARC = YES;
				CLANG_WARN_BOOL_CONVERSION = YES;
				CLANG_WARN_CONSTANT_CONVERSION = YES;
				CLANG_WARN_DIRECT_OBJC_ISA_USAGE = YES_ERROR;
				CLANG_WARN_EMPTY_BODY = YES;
				CLANG_WARN_ENUM_CONVERSION = YES;
				CLANG_WARN_INT_CONVERSION = YES;
				CLANG_WARN_OBJC_ROOT_CLASS = YES_ERROR;
				CLANG_WARN_UNREACHABLE_CODE = YES;
				CLANG_WARN__DUPLICATE_METHOD_MATCH = YES;
				"CODE_SIGN_IDENTITY[sdk=iphoneos*]" = "iPhone Developer";
				COPY_PHASE_STRIP = NO;
				DEBUG_INFORMATION_FORMAT = dwarf;
				ENABLE_STRICT_OBJC_MSGSEND = YES;
				ENABLE_TESTABILITY = YES;
				GCC_C_LANGUAGE_STANDARD = gnu99;
				GCC_DYNAMIC_NO_PIC = NO;
				GCC_NO_COMMON_BLOCKS = YES;
				GCC_OPTIMIZATION_LEVEL = 0;
				GCC_PREPROCESSOR_DEFINITIONS = (
					"DEBUG=1",
					"$(inherited)",
				);
				GCC_WARN_64_TO_32_BIT_CONVERSION = YES;
				GCC_WARN_ABOUT_RETURN_TYPE = YES_ERROR;
				GCC_WARN_UNDECLARED_SELECTOR = YES;
				GCC_WARN_UNINITIALIZED_AUTOS = YES_AGGRESSIVE;
				GCC_WARN_UNUSED_FUNCTION = YES;
				GCC_WARN_UNUSED_VARIABLE = YES;
				IPHONEOS_DEPLOYMENT_TARGET = 9.0;
				MTL_ENABLE_DEBUG_INFO = YES;
				ONLY_ACTIVE_ARCH = YES;
				SDKROOT = iphoneos;
				SWIFT_OPTIMIZATION_LEVEL = "-Onone";
				TARGETED_DEVICE_FAMILY = "1,2";
			};
			name = Debug;
		};
		12602C621BB39BF300DE9EDF /* Release */ = {
			isa = XCBuildConfiguration;
			buildSettings = {
				ALWAYS_SEARCH_USER_PATHS = NO;
				CLANG_CXX_LANGUAGE_STANDARD = "gnu++0x";
				CLANG_CXX_LIBRARY = "libc++";
				CLANG_ENABLE_MODULES = YES;
				CLANG_ENABLE_OBJC_ARC = YES;
				CLANG_WARN_BOOL_CONVERSION = YES;
				CLANG_WARN_CONSTANT_CONVERSION = YES;
				CLANG_WARN_DIRECT_OBJC_ISA_USAGE = YES_ERROR;
				CLANG_WARN_EMPTY_BODY = YES;
				CLANG_WARN_ENUM_CONVERSION = YES;
				CLANG_WARN_INT_CONVERSION = YES;
				CLANG_WARN_OBJC_ROOT_CLASS = YES_ERROR;
				CLANG_WARN_UNREACHABLE_CODE = YES;
				CLANG_WARN__DUPLICATE_METHOD_MATCH = YES;
				"CODE_SIGN_IDENTITY[sdk=iphoneos*]" = "iPhone Developer";
				COPY_PHASE_STRIP = NO;
				DEBUG_INFORMATION_FORMAT = "dwarf-with-dsym";
				ENABLE_NS_ASSERTIONS = NO;
				ENABLE_STRICT_OBJC_MSGSEND = YES;
				GCC_C_LANGUAGE_STANDARD = gnu99;
				GCC_NO_COMMON_BLOCKS = YES;
				GCC_WARN_64_TO_32_BIT_CONVERSION = YES;
				GCC_WARN_ABOUT_RETURN_TYPE = YES_ERROR;
				GCC_WARN_UNDECLARED_SELECTOR = YES;
				GCC_WARN_UNINITIALIZED_AUTOS = YES_AGGRESSIVE;
				GCC_WARN_UNUSED_FUNCTION = YES;
				GCC_WARN_UNUSED_VARIABLE = YES;
				IPHONEOS_DEPLOYMENT_TARGET = 9.0;
				MTL_ENABLE_DEBUG_INFO = NO;
				SDKROOT = iphoneos;
				TARGETED_DEVICE_FAMILY = "1,2";
				VALIDATE_PRODUCT = YES;
			};
			name = Release;
		};
		12602C641BB39BF300DE9EDF /* Debug */ = {
			isa = XCBuildConfiguration;
			buildSettings = {
				ASSETCATALOG_COMPILER_APPICON_NAME = AppIcon;
				INFOPLIST_FILE = Carousel/Info.plist;
				LD_RUNPATH_SEARCH_PATHS = "$(inherited) @executable_path/Frameworks";
				PRODUCT_BUNDLE_IDENTIFIER = com.cameronwu.Carousel;
				PRODUCT_NAME = "$(TARGET_NAME)";
			};
			name = Debug;
		};
		12602C651BB39BF300DE9EDF /* Release */ = {
			isa = XCBuildConfiguration;
			buildSettings = {
				ASSETCATALOG_COMPILER_APPICON_NAME = AppIcon;
				INFOPLIST_FILE = Carousel/Info.plist;
				LD_RUNPATH_SEARCH_PATHS = "$(inherited) @executable_path/Frameworks";
				PRODUCT_BUNDLE_IDENTIFIER = com.cameronwu.Carousel;
				PRODUCT_NAME = "$(TARGET_NAME)";
			};
			name = Release;
		};
		12602C671BB39BF300DE9EDF /* Debug */ = {
			isa = XCBuildConfiguration;
			buildSettings = {
				BUNDLE_LOADER = "$(TEST_HOST)";
				INFOPLIST_FILE = CarouselTests/Info.plist;
				LD_RUNPATH_SEARCH_PATHS = "$(inherited) @executable_path/Frameworks @loader_path/Frameworks";
				PRODUCT_BUNDLE_IDENTIFIER = com.cameronwu.CarouselTests;
				PRODUCT_NAME = "$(TARGET_NAME)";
				TEST_HOST = "$(BUILT_PRODUCTS_DIR)/Carousel.app/Carousel";
			};
			name = Debug;
		};
		12602C681BB39BF300DE9EDF /* Release */ = {
			isa = XCBuildConfiguration;
			buildSettings = {
				BUNDLE_LOADER = "$(TEST_HOST)";
				INFOPLIST_FILE = CarouselTests/Info.plist;
				LD_RUNPATH_SEARCH_PATHS = "$(inherited) @executable_path/Frameworks @loader_path/Frameworks";
				PRODUCT_BUNDLE_IDENTIFIER = com.cameronwu.CarouselTests;
				PRODUCT_NAME = "$(TARGET_NAME)";
				TEST_HOST = "$(BUILT_PRODUCTS_DIR)/Carousel.app/Carousel";
			};
			name = Release;
		};
		12602C6A1BB39BF300DE9EDF /* Debug */ = {
			isa = XCBuildConfiguration;
			buildSettings = {
				INFOPLIST_FILE = CarouselUITests/Info.plist;
				LD_RUNPATH_SEARCH_PATHS = "$(inherited) @executable_path/Frameworks @loader_path/Frameworks";
				PRODUCT_BUNDLE_IDENTIFIER = com.cameronwu.CarouselUITests;
				PRODUCT_NAME = "$(TARGET_NAME)";
				TEST_TARGET_NAME = Carousel;
				USES_XCTRUNNER = YES;
			};
			name = Debug;
		};
		12602C6B1BB39BF300DE9EDF /* Release */ = {
			isa = XCBuildConfiguration;
			buildSettings = {
				INFOPLIST_FILE = CarouselUITests/Info.plist;
				LD_RUNPATH_SEARCH_PATHS = "$(inherited) @executable_path/Frameworks @loader_path/Frameworks";
				PRODUCT_BUNDLE_IDENTIFIER = com.cameronwu.CarouselUITests;
				PRODUCT_NAME = "$(TARGET_NAME)";
				TEST_TARGET_NAME = Carousel;
				USES_XCTRUNNER = YES;
			};
			name = Release;
		};
/* End XCBuildConfiguration section */

/* Begin XCConfigurationList section */
		12602C361BB39BF300DE9EDF /* Build configuration list for PBXProject "Carousel" */ = {
			isa = XCConfigurationList;
			buildConfigurations = (
				12602C611BB39BF300DE9EDF /* Debug */,
				12602C621BB39BF300DE9EDF /* Release */,
			);
			defaultConfigurationIsVisible = 0;
			defaultConfigurationName = Release;
		};
		12602C631BB39BF300DE9EDF /* Build configuration list for PBXNativeTarget "Carousel" */ = {
			isa = XCConfigurationList;
			buildConfigurations = (
				12602C641BB39BF300DE9EDF /* Debug */,
				12602C651BB39BF300DE9EDF /* Release */,
			);
			defaultConfigurationIsVisible = 0;
		};
		12602C661BB39BF300DE9EDF /* Build configuration list for PBXNativeTarget "CarouselTests" */ = {
			isa = XCConfigurationList;
			buildConfigurations = (
				12602C671BB39BF300DE9EDF /* Debug */,
				12602C681BB39BF300DE9EDF /* Release */,
			);
			defaultConfigurationIsVisible = 0;
		};
		12602C691BB39BF300DE9EDF /* Build configuration list for PBXNativeTarget "CarouselUITests" */ = {
			isa = XCConfigurationList;
			buildConfigurations = (
				12602C6A1BB39BF300DE9EDF /* Debug */,
				12602C6B1BB39BF300DE9EDF /* Release */,
			);
			defaultConfigurationIsVisible = 0;
		};
/* End XCConfigurationList section */
	};
	rootObject = 12602C331BB39BF300DE9EDF /* Project object */;
}
